
Microsoft Visual Studio Solution File, Format Version 12.00
# Visual Studio Version 18
VisualStudioVersion = 18.1.11312.151
MinimumVisualStudioVersion = 10.0.40219.1
Project("{2150E333-8FDC-42A3-9474-1A3956D46DE8}") = "Core", "Core", "{36D591C7-65C7-A0D1-1CBC-10CDE441BDC8}"
EndProject
Project("{2150E333-8FDC-42A3-9474-1A3956D46DE8}") = "Infrastructure", "Infrastructure", "{C0D82D80-EA92-419C-876F-D19BF52EAA86}"
EndProject
Project("{FAE04EC0-301F-11D3-BF4B-00C04F79EFBC}") = "Application", "Application\Application.csproj", "{FA81DB7D-82CF-4E62-95C5-01EA8E12B52B}"
EndProject
Project("{FAE04EC0-301F-11D3-BF4B-00C04F79EFBC}") = "Domain", "Domain\Domain.csproj", "{2E76C293-1964-4F81-96EB-43C5FAA4488C}"
EndProject
Project("{FAE04EC0-301F-11D3-BF4B-00C04F79EFBC}") = "Infrastructure", "Infrastructure\Infrastructure.csproj", "{883423DC-A80D-4A5D-8BE5-B63DBCBE08B7}"
EndProject
Project("{FAE04EC0-301F-11D3-BF4B-00C04F79EFBC}") = "Persistence", "Persistence\Persistence.csproj", "{85C5AF6F-98C6-4F51-A254-DFEB99AF4F3E}"
EndProject
Project("{54A90642-561A-4BB1-A94E-469ADEE60C69}") = "reactapp.client", "ReactApp\reactapp.client\reactapp.client.esproj", "{CEC5919B-FE68-EDE6-628D-888E9BAE4086}"
EndProject
Project("{FAE04EC0-301F-11D3-BF4B-00C04F79EFBC}") = "ReactApp.Server", "ReactApp\ReactApp.Server\ReactApp.Server.csproj", "{E467C185-25E5-433E-95C1-0B6D449107B4}"
EndProject
Project("{2150E333-8FDC-42A3-9474-1A3956D46DE8}") = "Api", "Api", "{29CB67C0-FAA4-41CA-9F36-1B07CD17E13F}"
EndProject
Global
	GlobalSection(SolutionConfigurationPlatforms) = preSolution
		Debug|Any CPU = Debug|Any CPU
		Release|Any CPU = Release|Any CPU
	EndGlobalSection
	GlobalSection(ProjectConfigurationPlatforms) = postSolution
		{FA81DB7D-82CF-4E62-95C5-01EA8E12B52B}.Debug|Any CPU.ActiveCfg = Debug|Any CPU
		{FA81DB7D-82CF-4E62-95C5-01EA8E12B52B}.Debug|Any CPU.Build.0 = Debug|Any CPU
		{FA81DB7D-82CF-4E62-95C5-01EA8E12B52B}.Release|Any CPU.ActiveCfg = Release|Any CPU
		{FA81DB7D-82CF-4E62-95C5-01EA8E12B52B}.Release|Any CPU.Build.0 = Release|Any CPU
		{2E76C293-1964-4F81-96EB-43C5FAA4488C}.Debug|Any CPU.ActiveCfg = Debug|Any CPU
		{2E76C293-1964-4F81-96EB-43C5FAA4488C}.Debug|Any CPU.Build.0 = Debug|Any CPU
		{2E76C293-1964-4F81-96EB-43C5FAA4488C}.Release|Any CPU.ActiveCfg = Release|Any CPU
		{2E76C293-1964-4F81-96EB-43C5FAA4488C}.Release|Any CPU.Build.0 = Release|Any CPU
		{883423DC-A80D-4A5D-8BE5-B63DBCBE08B7}.Debug|Any CPU.ActiveCfg = Debug|Any CPU
		{883423DC-A80D-4A5D-8BE5-B63DBCBE08B7}.Debug|Any CPU.Build.0 = Debug|Any CPU
		{883423DC-A80D-4A5D-8BE5-B63DBCBE08B7}.Release|Any CPU.ActiveCfg = Release|Any CPU
		{883423DC-A80D-4A5D-8BE5-B63DBCBE08B7}.Release|Any CPU.Build.0 = Release|Any CPU
		{85C5AF6F-98C6-4F51-A254-DFEB99AF4F3E}.Debug|Any CPU.ActiveCfg = Debug|Any CPU
		{85C5AF6F-98C6-4F51-A254-DFEB99AF4F3E}.Debug|Any CPU.Build.0 = Debug|Any CPU
		{85C5AF6F-98C6-4F51-A254-DFEB99AF4F3E}.Release|Any CPU.ActiveCfg = Release|Any CPU
		{85C5AF6F-98C6-4F51-A254-DFEB99AF4F3E}.Release|Any CPU.Build.0 = Release|Any CPU
		{CEC5919B-FE68-EDE6-628D-888E9BAE4086}.Debug|Any CPU.ActiveCfg = Debug|Any CPU
		{CEC5919B-FE68-EDE6-628D-888E9BAE4086}.Debug|Any CPU.Build.0 = Debug|Any CPU
		{CEC5919B-FE68-EDE6-628D-888E9BAE4086}.Debug|Any CPU.Deploy.0 = Debug|Any CPU
		{CEC5919B-FE68-EDE6-628D-888E9BAE4086}.Release|Any CPU.ActiveCfg = Release|Any CPU
		{CEC5919B-FE68-EDE6-628D-888E9BAE4086}.Release|Any CPU.Build.0 = Release|Any CPU
		{CEC5919B-FE68-EDE6-628D-888E9BAE4086}.Release|Any CPU.Deploy.0 = Release|Any CPU
		{E467C185-25E5-433E-95C1-0B6D449107B4}.Debug|Any CPU.ActiveCfg = Debug|Any CPU
		{E467C185-25E5-433E-95C1-0B6D449107B4}.Debug|Any CPU.Build.0 = Debug|Any CPU
		{E467C185-25E5-433E-95C1-0B6D449107B4}.Release|Any CPU.ActiveCfg = Release|Any CPU
		{E467C185-25E5-433E-95C1-0B6D449107B4}.Release|Any CPU.Build.0 = Release|Any CPU
	EndGlobalSection
	GlobalSection(SolutionProperties) = preSolution
		HideSolutionNode = FALSE
	EndGlobalSection
	GlobalSection(NestedProjects) = preSolution
		{FA81DB7D-82CF-4E62-95C5-01EA8E12B52B} = {36D591C7-65C7-A0D1-1CBC-10CDE441BDC8}
		{2E76C293-1964-4F81-96EB-43C5FAA4488C} = {36D591C7-65C7-A0D1-1CBC-10CDE441BDC8}
		{883423DC-A80D-4A5D-8BE5-B63DBCBE08B7} = {C0D82D80-EA92-419C-876F-D19BF52EAA86}
		{85C5AF6F-98C6-4F51-A254-DFEB99AF4F3E} = {C0D82D80-EA92-419C-876F-D19BF52EAA86}
		{CEC5919B-FE68-EDE6-628D-888E9BAE4086} = {29CB67C0-FAA4-41CA-9F36-1B07CD17E13F}
		{E467C185-25E5-433E-95C1-0B6D449107B4} = {29CB67C0-FAA4-41CA-9F36-1B07CD17E13F}
	EndGlobalSection
	GlobalSection(ExtensibilityGlobals) = postSolution
		SolutionGuid = {5FCC2222-6A7F-454E-86BB-CC0D3EEC0333}
	EndGlobalSection
EndGlobal
